#MicroXplorer Configuration settings - do not modify
ADC1.Channel-0\#ChannelRegularConversion=ADC_CHANNEL_TEMPSENSOR
ADC1.IPParameters=Rank-0\#ChannelRegularConversion,Channel-0\#ChannelRegularConversion,SamplingTime-0\#ChannelRegularConversion,NbrOfConversionFlag,master
ADC1.NbrOfConversionFlag=1
ADC1.Rank-0\#ChannelRegularConversion=1
ADC1.SamplingTime-0\#ChannelRegularConversion=ADC_SAMPLETIME_3CYCLES
ADC1.master=1
ADC2.Channel-3\#ChannelRegularConversion=ADC_CHANNEL_12
ADC2.IPParameters=Rank-3\#ChannelRegularConversion,Channel-3\#ChannelRegularConversion,SamplingTime-3\#ChannelRegularConversion,NbrOfConversionFlag
ADC2.NbrOfConversionFlag=1
ADC2.Rank-3\#ChannelRegularConversion=1
ADC2.SamplingTime-3\#ChannelRegularConversion=ADC_SAMPLETIME_3CYCLES
ADC3.Channel-0\#ChannelRegularConversion=ADC_CHANNEL_4
ADC3.IPParameters=Rank-0\#ChannelRegularConversion,Channel-0\#ChannelRegularConversion,SamplingTime-0\#ChannelRegularConversion,NbrOfConversionFlag
ADC3.NbrOfConversionFlag=1
ADC3.Rank-0\#ChannelRegularConversion=1
ADC3.SamplingTime-0\#ChannelRegularConversion=ADC_SAMPLETIME_3CYCLES
ETH.IPParameters=MediaInterface,PHY_Name_RMII
ETH.MediaInterface=ETH_MEDIA_INTERFACE_RMII
ETH.PHY_Name_RMII=userPHY
File.Version=6
KeepUserPlacement=false
LWIP.Version=v2.0.0_Cube
Mcu.Family=STM32F2
Mcu.IP0=ADC1
Mcu.IP1=ADC2
Mcu.IP10=RCC
Mcu.IP11=RTC
Mcu.IP12=SDIO
Mcu.IP13=SPI2
Mcu.IP14=SYS
Mcu.IP15=TIM1
Mcu.IP16=TIM2
Mcu.IP17=TIM3
Mcu.IP18=TIM4
Mcu.IP19=TIM5
Mcu.IP2=ADC3
Mcu.IP20=TIM8
Mcu.IP21=TIM9
Mcu.IP22=TIM10
Mcu.IP23=TIM12
Mcu.IP24=USART2
Mcu.IP25=USART3
Mcu.IP26=USB_DEVICE
Mcu.IP27=USB_OTG_FS
Mcu.IP28=USB_OTG_HS
Mcu.IP3=ETH
Mcu.IP4=FATFS
Mcu.IP5=I2C1
Mcu.IP6=I2C2
Mcu.IP7=I2C3
Mcu.IP8=LWIP
Mcu.IP9=NVIC
Mcu.IPNb=29
Mcu.Name=STM32F217I(E-G)Tx
Mcu.Package=LQFP176
Mcu.Pin0=PE5
Mcu.Pin1=PC13
Mcu.Pin10=PF7
Mcu.Pin11=PF8
Mcu.Pin12=PF9
Mcu.Pin13=PH0-OSC_IN
Mcu.Pin14=PH1-OSC_OUT
Mcu.Pin15=PC0
Mcu.Pin16=PC1
Mcu.Pin17=PC2
Mcu.Pin18=PA0-WKUP
Mcu.Pin19=PA1
Mcu.Pin2=PC15-OSC32_OUT
Mcu.Pin20=PA2
Mcu.Pin21=PH4
Mcu.Pin22=PA3
Mcu.Pin23=PA5
Mcu.Pin24=PA7
Mcu.Pin25=PC4
Mcu.Pin26=PC5
Mcu.Pin27=PB0
Mcu.Pin28=PB1
Mcu.Pin29=PE9
Mcu.Pin3=PI11
Mcu.Pin30=PE11
Mcu.Pin31=PE13
Mcu.Pin32=PE14
Mcu.Pin33=PB10
Mcu.Pin34=PB11
Mcu.Pin35=PH6
Mcu.Pin36=PH7
Mcu.Pin37=PH8
Mcu.Pin38=PH10
Mcu.Pin39=PH11
Mcu.Pin4=PF0
Mcu.Pin40=PH12
Mcu.Pin41=PB12
Mcu.Pin42=PB13
Mcu.Pin43=PB14
Mcu.Pin44=PB15
Mcu.Pin45=PD8
Mcu.Pin46=PD9
Mcu.Pin47=PD12
Mcu.Pin48=PD13
Mcu.Pin49=PD14
Mcu.Pin5=PF1
Mcu.Pin50=PD15
Mcu.Pin51=PC6
Mcu.Pin52=PC7
Mcu.Pin53=PC8
Mcu.Pin54=PC9
Mcu.Pin55=PA8
Mcu.Pin56=PA9
Mcu.Pin57=PA11
Mcu.Pin58=PA12
Mcu.Pin59=PA13
Mcu.Pin6=PF2
Mcu.Pin60=PI0
Mcu.Pin61=PI1
Mcu.Pin62=PA14
Mcu.Pin63=PA15
Mcu.Pin64=PC10
Mcu.Pin65=PC11
Mcu.Pin66=PC12
Mcu.Pin67=PD2
Mcu.Pin68=PD4
Mcu.Pin69=PD5
Mcu.Pin7=PF3
Mcu.Pin70=PD6
Mcu.Pin71=PG10
Mcu.Pin72=PG11
Mcu.Pin73=PG13
Mcu.Pin74=PG14
Mcu.Pin75=PB3
Mcu.Pin76=PB4
Mcu.Pin77=PB5
Mcu.Pin78=PB6
Mcu.Pin79=PB7
Mcu.Pin8=PF4
Mcu.Pin80=PB8
Mcu.Pin81=PB9
Mcu.Pin82=PI4
Mcu.Pin83=PI5
Mcu.Pin84=PI6
Mcu.Pin85=VP_ADC1_TempSens_Input
Mcu.Pin86=VP_FATFS_VS_SDIO
Mcu.Pin87=VP_LWIP_VS_Enabled
Mcu.Pin88=VP_RTC_VS_RTC_Activate
Mcu.Pin89=VP_SYS_VS_Systick
Mcu.Pin9=PF6
Mcu.Pin90=VP_TIM2_VS_ClockSourceINT
Mcu.Pin91=VP_TIM3_VS_ClockSourceINT
Mcu.Pin92=VP_TIM8_VS_ClockSourceINT
Mcu.Pin93=VP_TIM10_VS_ClockSourceINT
Mcu.Pin94=VP_TIM12_VS_ControllerModeClock
Mcu.Pin95=VP_TIM12_VS_no_output2
Mcu.Pin96=VP_USB_DEVICE_VS_USB_DEVICE_CDC_FS
Mcu.Pin97=VP_USB_DEVICE_VS_USB_DEVICE_CDC_HS
Mcu.PinsNb=98
Mcu.ThirdPartyNb=0
Mcu.UserConstants=
Mcu.UserName=STM32F217IETx
MxCube.Version=5.0.1
MxDb.Version=DB.5.0.1
NVIC.BusFault_IRQn=true\:0\:0\:false\:false\:true\:false
NVIC.DebugMonitor_IRQn=true\:0\:0\:false\:false\:true\:false
NVIC.HardFault_IRQn=true\:0\:0\:false\:false\:true\:false
NVIC.MemoryManagement_IRQn=true\:0\:0\:false\:false\:true\:false
NVIC.NonMaskableInt_IRQn=true\:0\:0\:false\:false\:true\:false
NVIC.OTG_FS_IRQn=true\:0\:0\:false\:false\:true\:false
NVIC.OTG_HS_IRQn=true\:0\:0\:false\:false\:true\:false
NVIC.PendSV_IRQn=true\:0\:0\:false\:false\:true\:false
NVIC.PriorityGroup=NVIC_PRIORITYGROUP_4
NVIC.SVCall_IRQn=true\:0\:0\:false\:false\:true\:false
NVIC.SysTick_IRQn=true\:0\:0\:false\:false\:true\:false
NVIC.UsageFault_IRQn=true\:0\:0\:false\:false\:true\:false
PA0-WKUP.Signal=S_TIM2_CH1_ETR
PA1.Mode=RMII
PA1.Signal=ETH_REF_CLK
PA11.Mode=Device_Only
PA11.Signal=USB_OTG_FS_DM
PA12.Mode=Device_Only
PA12.Signal=USB_OTG_FS_DP
PA13.Mode=JTAG_5_pins
PA13.Signal=SYS_JTMS-SWDIO
PA14.Mode=JTAG_5_pins
PA14.Signal=SYS_JTCK-SWCLK
PA15.Mode=JTAG_5_pins
PA15.Signal=SYS_JTDI
PA2.Mode=RMII
PA2.Signal=ETH_MDIO
PA3.Mode=Device_HS
PA3.Signal=USB_OTG_HS_ULPI_D0
PA5.Mode=Device_HS
PA5.Signal=USB_OTG_HS_ULPI_CK
PA7.Mode=RMII
PA7.Signal=ETH_CRS_DV
PA8.Mode=Clock-out-1
PA8.Signal=RCC_MCO_1
PA9.Mode=Activate_VBUS
PA9.Signal=USB_OTG_FS_VBUS
PB0.Mode=Device_HS
PB0.Signal=USB_OTG_HS_ULPI_D1
PB1.Mode=Device_HS
PB1.Signal=USB_OTG_HS_ULPI_D2
PB10.Mode=Device_HS
PB10.Signal=USB_OTG_HS_ULPI_D3
PB11.Mode=Device_HS
PB11.Signal=USB_OTG_HS_ULPI_D4
PB12.Mode=Device_HS
PB12.Signal=USB_OTG_HS_ULPI_D5
PB13.Mode=Device_HS
PB13.Signal=USB_OTG_HS_ULPI_D6
PB14.Mode=Full_Duplex_Master
PB14.Signal=SPI2_MISO
PB15.Mode=Full_Duplex_Master
PB15.Signal=SPI2_MOSI
PB3.Mode=JTAG_5_pins
PB3.Signal=SYS_JTDO-SWO
PB4.Mode=JTAG_5_pins
PB4.Signal=SYS_JTRST
PB5.Mode=Device_HS
PB5.Signal=USB_OTG_HS_ULPI_D7
PB6.Mode=I2C
PB6.Signal=I2C1_SCL
PB7.Mode=I2C
PB7.Signal=I2C1_SDA
PB8.GPIOParameters=GPIO_Label
PB8.GPIO_Label=sonar_clk
PB8.Signal=S_TIM10_CH1
PB9.Mode=NSS_Signal_Hard_Input
PB9.Signal=SPI2_NSS
PC0.Mode=Device_HS
PC0.Signal=USB_OTG_HS_ULPI_STP
PC1.Mode=RMII
PC1.Signal=ETH_MDC
PC10.Mode=SD_4_bits_Wide_bus
PC10.Signal=SDIO_D2
PC11.Mode=SD_4_bits_Wide_bus
PC11.Signal=SDIO_D3
PC12.Mode=SD_4_bits_Wide_bus
PC12.Signal=SDIO_CK
PC13.Locked=true
PC13.Signal=GPIO_Input
PC15-OSC32_OUT.GPIOParameters=GPIO_Label
PC15-OSC32_OUT.GPIO_Label=led
PC15-OSC32_OUT.Locked=true
PC15-OSC32_OUT.Signal=GPIO_Output
PC2.Signal=ADCx_IN12
PC4.Mode=RMII
PC4.Signal=ETH_RXD0
PC5.Mode=RMII
PC5.Signal=ETH_RXD1
PC6.GPIOParameters=GPIO_Label
PC6.GPIO_Label=sonar_out3
PC6.Signal=S_TIM8_CH1
PC7.GPIOParameters=GPIO_Label
PC7.GPIO_Label=sonar_out4
PC7.Signal=S_TIM8_CH2
PC8.Mode=SD_4_bits_Wide_bus
PC8.Signal=SDIO_D0
PC9.Mode=SD_4_bits_Wide_bus
PC9.Signal=SDIO_D1
PCC.Checker=false
PCC.Line=STM32F2x7
PCC.MCU=STM32F217I(E-G)Tx
PCC.PartNumber=STM32F217IETx
PCC.Seq0=0
PCC.Series=STM32F2
PCC.Temperature=25
PCC.Vdd=3.3
PD12.GPIOParameters=GPIO_Label
PD12.GPIO_Label=bdlc0
PD12.Signal=S_TIM4_CH1
PD13.GPIOParameters=GPIO_Label
PD13.GPIO_Label=bdlc1
PD13.Signal=S_TIM4_CH2
PD14.GPIOParameters=GPIO_Label
PD14.GPIO_Label=bdlc2
PD14.Signal=S_TIM4_CH3
PD15.GPIOParameters=GPIO_Label
PD15.GPIO_Label=bdlc3
PD15.Signal=S_TIM4_CH4
PD2.Mode=SD_4_bits_Wide_bus
PD2.Signal=SDIO_CMD
PD4.Mode=RTS_Only
PD4.Signal=USART2_RTS
PD5.Mode=Asynchronous
PD5.Signal=USART2_TX
PD6.Mode=Asynchronous
PD6.Signal=USART2_RX
PD8.Mode=Asynchronous
PD8.Signal=USART3_TX
PD9.Mode=Asynchronous
PD9.Signal=USART3_RX
PE11.GPIOParameters=GPIO_Label
PE11.GPIO_Label=servo1
PE11.Signal=S_TIM1_CH2
PE13.GPIOParameters=GPIO_Label
PE13.GPIO_Label=servo2
PE13.Signal=S_TIM1_CH3
PE14.GPIOParameters=GPIO_Label
PE14.GPIO_Label=servo3
PE14.Signal=S_TIM1_CH4
PE5.GPIOParameters=GPIO_Label
PE5.GPIO_Label=lights
PE5.Signal=S_TIM9_CH1
PE9.GPIOParameters=GPIO_Label
PE9.GPIO_Label=servo0
PE9.Signal=S_TIM1_CH1
PF0.Mode=I2C
PF0.Signal=I2C2_SDA
PF1.Mode=I2C
PF1.Signal=I2C2_SCL
PF2.GPIOParameters=GPIO_Label
PF2.GPIO_Label=water
PF2.Locked=true
PF2.Signal=GPIO_Input
PF3.GPIOParameters=GPIO_Label
PF3.GPIO_Label=alcc0
PF3.Locked=true
PF3.Signal=GPIO_Input
PF4.GPIOParameters=GPIO_Label
PF4.GPIO_Label=alcc1
PF4.Locked=true
PF4.Signal=GPIO_Input
PF6.Mode=IN4
PF6.Signal=ADC3_IN4
PF7.Mode=IN5
PF7.Signal=ADC3_IN5
PF8.Mode=IN6
PF8.Signal=ADC3_IN6
PF9.Mode=IN7
PF9.Signal=ADC3_IN7
PG10.GPIOParameters=GPIO_Label
PG10.GPIO_Label=eth_pwd_int
PG10.Locked=true
PG10.Signal=GPIO_Input
PG11.Mode=RMII
PG11.Signal=ETH_TX_EN
PG13.Mode=RMII
PG13.Signal=ETH_TXD0
PG14.Mode=RMII
PG14.Signal=ETH_TXD1
PH0-OSC_IN.Mode=HSE-External-Clock-Source
PH0-OSC_IN.Signal=RCC_OSC_IN
PH1-OSC_OUT.Mode=HSE-External-Clock-Source
PH1-OSC_OUT.Signal=RCC_OSC_OUT
PH10.GPIOParameters=GPIO_Label
PH10.GPIO_Label=bdlc4
PH10.Signal=S_TIM5_CH1
PH11.GPIOParameters=GPIO_Label
PH11.GPIO_Label=bdlc5
PH11.Signal=S_TIM5_CH2
PH12.GPIOParameters=GPIO_Label
PH12.GPIO_Label=bdlc6
PH12.Signal=S_TIM5_CH3
PH4.Mode=Device_HS
PH4.Signal=USB_OTG_HS_ULPI_NXT
PH6.GPIOParameters=GPIO_Label
PH6.GPIO_Label=sonar_clk_in
PH6.Signal=S_TIM12_CH1
PH7.Mode=I2C
PH7.Signal=I2C3_SCL
PH8.Mode=I2C
PH8.Signal=I2C3_SDA
PI0.GPIOParameters=GPIO_Label
PI0.GPIO_Label=bdlc7
PI0.Signal=S_TIM5_CH4
PI1.Mode=Full_Duplex_Master
PI1.Signal=SPI2_SCK
PI11.Mode=Device_HS
PI11.Signal=USB_OTG_HS_ULPI_DIR
PI4.GPIOParameters=GPIO_Label
PI4.GPIO_Label=sonar_io1
PI4.Locked=true
PI4.Signal=GPIO_Output
PI5.GPIOParameters=GPIO_Label
PI5.GPIO_Label=sonar_sel
PI5.Locked=true
PI5.Signal=GPIO_Output
PI6.GPIOParameters=GPIO_Label
PI6.GPIO_Label=sonar_pwr
PI6.Locked=true
PI6.Signal=GPIO_Output
PinOutPanel.RotationAngle=0
ProjectManager.AskForMigrate=true
ProjectManager.BackupPrevious=false
ProjectManager.CompilerOptimize=6
ProjectManager.ComputerToolchain=false
ProjectManager.CoupleFile=false
ProjectManager.CustomerFirmwarePackage=
ProjectManager.DefaultFWLocation=true
ProjectManager.DeletePrevious=true
ProjectManager.DeviceId=STM32F217IETx
ProjectManager.FirmwarePackage=STM32Cube FW_F2 V1.7.0
ProjectManager.FreePins=false
ProjectManager.HalAssertFull=false
ProjectManager.HeapSize=0x200
ProjectManager.KeepUserCode=true
ProjectManager.LastFirmware=true
ProjectManager.LibraryCopy=0
ProjectManager.MainLocation=Src
ProjectManager.NoMain=false
ProjectManager.PreviousToolchain=
ProjectManager.ProjectBuild=false
ProjectManager.ProjectFileName=sub board.ioc
ProjectManager.ProjectName=sub board
ProjectManager.StackSize=0x400
ProjectManager.TargetToolchain=EWARM V8
ProjectManager.ToolChainLocation=
ProjectManager.UnderRoot=false
ProjectManager.functionlistsort=1-MX_GPIO_Init-GPIO-false-HAL-true,2-SystemClock_Config-RCC-false-HAL-false,3-MX_RTC_Init-RTC-false-HAL-true,4-MX_SDIO_SD_Init-SDIO-false-HAL-true,5-MX_I2C2_Init-I2C2-false-HAL-true,6-MX_SPI2_Init-SPI2-false-HAL-true,7-MX_TIM1_Init-TIM1-false-HAL-true,8-MX_TIM3_Init-TIM3-false-HAL-true,9-MX_TIM4_Init-TIM4-false-HAL-true,10-MX_TIM9_Init-TIM9-false-HAL-true,11-MX_USART2_UART_Init-USART2-false-HAL-true,12-MX_TIM5_Init-TIM5-false-HAL-true,13-MX_ADC1_Init-ADC1-false-HAL-true,14-MX_ADC3_Init-ADC3-false-HAL-true,15-MX_USB_DEVICE_Init-USB_DEVICE-false-HAL-true,16-MX_LWIP_Init-LWIP-false-HAL-true,17-MX_FATFS_Init-FATFS-false-HAL-true,18-MX_I2C3_Init-I2C3-false-HAL-true,19-MX_TIM8_Init-TIM8-false-HAL-true,20-MX_I2C1_Init-I2C1-false-HAL-true,21-MX_USART3_UART_Init-USART3-false-HAL-true,22-MX_ADC2_Init-ADC2-false-HAL-true,23-MX_TIM12_Init-TIM12-false-HAL-true,24-MX_TIM10_Init-TIM10-false-HAL-true,25-MX_TIM2_Init-TIM2-false-HAL-true
RCC.48MHZClocksFreq_Value=48000000
RCC.AHBFreq_Value=120000000
RCC.APB1CLKDivider=RCC_HCLK_DIV4
RCC.APB1Freq_Value=30000000
RCC.APB1TimFreq_Value=60000000
RCC.APB2CLKDivider=RCC_HCLK_DIV2
RCC.APB2Freq_Value=60000000
RCC.APB2TimFreq_Value=120000000
RCC.CortexFreq_Value=120000000
RCC.EthernetFreq_Value=120000000
RCC.FCLKCortexFreq_Value=120000000
RCC.FamilyName=M
RCC.HCLKFreq_Value=120000000
RCC.HSE_VALUE=25000000
RCC.HSI_VALUE=16000000
RCC.I2SClocksFreq_Value=120000000
RCC.IPParameters=48MHZClocksFreq_Value,AHBFreq_Value,APB1CLKDivider,APB1Freq_Value,APB1TimFreq_Value,APB2CLKDivider,APB2Freq_Value,APB2TimFreq_Value,CortexFreq_Value,EthernetFreq_Value,FCLKCortexFreq_Value,FamilyName,HCLKFreq_Value,HSE_VALUE,HSI_VALUE,I2SClocksFreq_Value,LSE_VALUE,LSI_VALUE,MCO1PinFreq_Value,MCO2PinFreq_Value,PLLCLKFreq_Value,PLLM,PLLQ,PLLSourceVirtual,RCC_MCO1Source,RCC_RTC_Clock_SourceVirtual,RCC_RTC_Clock_Source_FROM_HSE,RTCFreq_Value,RTCHSEDivFreq_Value,SYSCLKFreq_VALUE,SYSCLKSource,VCOI2SOutputFreq_Value,VCOInputFreq_Value,VCOOutputFreq_Value,VcooutputI2S
RCC.LSE_VALUE=32768
RCC.LSI_VALUE=32000
RCC.MCO1PinFreq_Value=25000000
RCC.MCO2PinFreq_Value=120000000
RCC.PLLCLKFreq_Value=120000000
RCC.PLLM=20
RCC.PLLQ=5
RCC.PLLSourceVirtual=RCC_PLLSOURCE_HSE
RCC.RCC_MCO1Source=RCC_MCO1SOURCE_HSE
RCC.RCC_RTC_Clock_SourceVirtual=RCC_RTCCLKSOURCE_HSE_DIV25
RCC.RCC_RTC_Clock_Source_FROM_HSE=RCC_RTCCLKSOURCE_HSE_DIV25
RCC.RTCFreq_Value=1000000
RCC.RTCHSEDivFreq_Value=1000000
RCC.SYSCLKFreq_VALUE=120000000
RCC.SYSCLKSource=RCC_SYSCLKSOURCE_PLLCLK
RCC.VCOI2SOutputFreq_Value=240000000
RCC.VCOInputFreq_Value=1250000
RCC.VCOOutputFreq_Value=240000000
RCC.VcooutputI2S=120000000
SH.ADCx_IN12.0=ADC2_IN12,IN12
SH.ADCx_IN12.1=ADC1_IN12,IN12
SH.ADCx_IN12.ConfNb=2
SH.S_TIM10_CH1.0=TIM10_CH1,PWM Generation1 CH1
SH.S_TIM10_CH1.ConfNb=1
SH.S_TIM12_CH1.0=TIM12_CH1,TriggerSource_TI1ED
SH.S_TIM12_CH1.ConfNb=1
SH.S_TIM1_CH1.0=TIM1_CH1,PWM Generation1 CH1
SH.S_TIM1_CH1.ConfNb=1
SH.S_TIM1_CH2.0=TIM1_CH2,PWM Generation2 CH2
SH.S_TIM1_CH2.ConfNb=1
SH.S_TIM1_CH3.0=TIM1_CH3,PWM Generation3 CH3
SH.S_TIM1_CH3.ConfNb=1
SH.S_TIM1_CH4.0=TIM1_CH4,PWM Generation4 CH4
SH.S_TIM1_CH4.ConfNb=1
SH.S_TIM2_CH1_ETR.0=TIM2_CH1,Input_Capture1_from_TI1
SH.S_TIM2_CH1_ETR.ConfNb=1
SH.S_TIM4_CH1.0=TIM4_CH1,PWM Generation1 CH1
SH.S_TIM4_CH1.ConfNb=1
SH.S_TIM4_CH2.0=TIM4_CH2,PWM Generation2 CH2
SH.S_TIM4_CH2.ConfNb=1
SH.S_TIM4_CH3.0=TIM4_CH3,PWM Generation3 CH3
SH.S_TIM4_CH3.ConfNb=1
SH.S_TIM4_CH4.0=TIM4_CH4,PWM Generation4 CH4
SH.S_TIM4_CH4.ConfNb=1
SH.S_TIM5_CH1.0=TIM5_CH1,PWM Generation1 CH1
SH.S_TIM5_CH1.ConfNb=1
SH.S_TIM5_CH2.0=TIM5_CH2,PWM Generation2 CH2
SH.S_TIM5_CH2.ConfNb=1
SH.S_TIM5_CH3.0=TIM5_CH3,PWM Generation3 CH3
SH.S_TIM5_CH3.ConfNb=1
SH.S_TIM5_CH4.0=TIM5_CH4,PWM Generation4 CH4
SH.S_TIM5_CH4.ConfNb=1
SH.S_TIM8_CH1.0=TIM8_CH1,Input_Capture1_from_TI1
SH.S_TIM8_CH1.ConfNb=1
SH.S_TIM8_CH2.0=TIM8_CH2,Input_Capture2_from_TI2
SH.S_TIM8_CH2.ConfNb=1
SH.S_TIM9_CH1.0=TIM9_CH1,PWM Generation1 CH1
SH.S_TIM9_CH1.ConfNb=1
SPI2.CalculateBaudRate=15.0 MBits/s
SPI2.Direction=SPI_DIRECTION_2LINES
SPI2.IPParameters=VirtualType,Mode,Direction,CalculateBaudRate,VirtualNSS
SPI2.Mode=SPI_MODE_MASTER
SPI2.VirtualNSS=VM_NSSHARD
SPI2.VirtualType=VM_MASTER
TIM1.Channel-PWM\ Generation1\ CH1=TIM_CHANNEL_1
TIM1.Channel-PWM\ Generation2\ CH2=TIM_CHANNEL_2
TIM1.Channel-PWM\ Generation3\ CH3=TIM_CHANNEL_3
TIM1.Channel-PWM\ Generation4\ CH4=TIM_CHANNEL_4
TIM1.IPParameters=Channel-PWM Generation1 CH1,Channel-PWM Generation2 CH2,Channel-PWM Generation3 CH3,Channel-PWM Generation4 CH4
TIM10.Channel=TIM_CHANNEL_1
TIM10.IPParameters=Channel,OCPolarity_1
TIM10.OCPolarity_1=TIM_OCPOLARITY_LOW
TIM12.Channel-Output\ Compare2\ No\ Output=TIM_CHANNEL_2
TIM12.IPParameters=Channel-Output Compare2 No Output
TIM2.Channel-Input_Capture1_from_TI1=TIM_CHANNEL_1
TIM2.IPParameters=Channel-Input_Capture1_from_TI1
TIM4.Channel-PWM\ Generation1\ CH1=TIM_CHANNEL_1
TIM4.Channel-PWM\ Generation2\ CH2=TIM_CHANNEL_2
TIM4.Channel-PWM\ Generation3\ CH3=TIM_CHANNEL_3
TIM4.Channel-PWM\ Generation4\ CH4=TIM_CHANNEL_4
TIM4.IPParameters=Channel-PWM Generation1 CH1,Channel-PWM Generation2 CH2,Channel-PWM Generation3 CH3,Channel-PWM Generation4 CH4
TIM5.Channel-PWM\ Generation1\ CH1=TIM_CHANNEL_1
TIM5.Channel-PWM\ Generation2\ CH2=TIM_CHANNEL_2
TIM5.Channel-PWM\ Generation3\ CH3=TIM_CHANNEL_3
TIM5.Channel-PWM\ Generation4\ CH4=TIM_CHANNEL_4
TIM5.IPParameters=Channel-PWM Generation1 CH1,Channel-PWM Generation2 CH2,Channel-PWM Generation3 CH3,Channel-PWM Generation4 CH4
TIM8.Channel-Input_Capture1_from_TI1=TIM_CHANNEL_1
TIM8.Channel-Input_Capture2_from_TI2=TIM_CHANNEL_2
TIM8.IPParameters=Channel-Input_Capture1_from_TI1,Channel-Input_Capture2_from_TI2
TIM9.Channel-PWM\ Generation1\ CH1=TIM_CHANNEL_1
TIM9.IPParameters=Channel-PWM Generation1 CH1
USART2.IPParameters=VirtualMode
USART2.VirtualMode=VM_ASYNC
USART3.IPParameters=VirtualMode
USART3.VirtualMode=VM_ASYNC
USB_DEVICE.CLASS_NAME_FS=CDC
USB_DEVICE.CLASS_NAME_HS=CDC
USB_DEVICE.IPParameters=VirtualMode-CDC_FS,VirtualModeFS,CLASS_NAME_FS,VirtualMode-CDC_HS,VirtualModeHS,CLASS_NAME_HS
USB_DEVICE.VirtualMode-CDC_FS=Cdc
USB_DEVICE.VirtualMode-CDC_HS=Cdc
USB_DEVICE.VirtualModeFS=Cdc_FS
USB_DEVICE.VirtualModeHS=Cdc_HS
USB_OTG_FS.IPParameters=VirtualMode
USB_OTG_FS.VirtualMode=Device_Only
USB_OTG_HS.IPParameters=VirtualMode-Device_HS
USB_OTG_HS.VirtualMode-Device_HS=Device_HS
VP_ADC1_TempSens_Input.Mode=IN-TempSens
VP_ADC1_TempSens_Input.Signal=ADC1_TempSens_Input
VP_FATFS_VS_SDIO.Mode=SDIO
VP_FATFS_VS_SDIO.Signal=FATFS_VS_SDIO
VP_LWIP_VS_Enabled.Mode=Enabled
VP_LWIP_VS_Enabled.Signal=LWIP_VS_Enabled
VP_RTC_VS_RTC_Activate.Mode=RTC_Enabled
VP_RTC_VS_RTC_Activate.Signal=RTC_VS_RTC_Activate
VP_SYS_VS_Systick.Mode=SysTick
VP_SYS_VS_Systick.Signal=SYS_VS_Systick
VP_TIM10_VS_ClockSourceINT.Mode=Enable_Timer
VP_TIM10_VS_ClockSourceINT.Signal=TIM10_VS_ClockSourceINT
VP_TIM12_VS_ControllerModeClock.Mode=Clock Mode
VP_TIM12_VS_ControllerModeClock.Signal=TIM12_VS_ControllerModeClock
VP_TIM12_VS_no_output2.Mode=Output Compare2 No Output
VP_TIM12_VS_no_output2.Signal=TIM12_VS_no_output2
VP_TIM2_VS_ClockSourceINT.Mode=Internal
VP_TIM2_VS_ClockSourceINT.Signal=TIM2_VS_ClockSourceINT
VP_TIM3_VS_ClockSourceINT.Mode=Internal
VP_TIM3_VS_ClockSourceINT.Signal=TIM3_VS_ClockSourceINT
VP_TIM8_VS_ClockSourceINT.Mode=Internal
VP_TIM8_VS_ClockSourceINT.Signal=TIM8_VS_ClockSourceINT
VP_USB_DEVICE_VS_USB_DEVICE_CDC_FS.Mode=CDC_FS
VP_USB_DEVICE_VS_USB_DEVICE_CDC_FS.Signal=USB_DEVICE_VS_USB_DEVICE_CDC_FS
VP_USB_DEVICE_VS_USB_DEVICE_CDC_HS.Mode=CDC_HS
VP_USB_DEVICE_VS_USB_DEVICE_CDC_HS.Signal=USB_DEVICE_VS_USB_DEVICE_CDC_HS
board=custom
